lockfileVersion: 5.4

importers:

  ../../Library/pnpm/store/v3/tmp/dlx-69904:
    specifiers:
      prisma: ^3.14.0
    dependencies:
      prisma: 3.14.0

packages:

  /@prisma/engines/3.14.0-36.2b0c12756921c891fec4f68d9444e18c7d5d4a6a:
    resolution: {integrity: sha512-LwZvI3FY6f43xFjQNRuE10JM5R8vJzFTSmbV9X0Wuhv9kscLkjRlZt0BEoiHmO+2HA3B3xxbMfB5du7ZoSFXGg==}
    requiresBuild: true
    dev: false

  /prisma/3.14.0:
    resolution: {integrity: sha512-l9MOgNCn/paDE+i1K2fp9NZ+Du4trzPTJsGkaQHVBufTGqzoYHuNk8JfzXuIn0Gte6/ZjyKj652Jq/Lc1tp2yw==}
    engines: {node: '>=12.6'}
    hasBin: true
    requiresBuild: true
    dependencies:
      '@prisma/engines': 3.14.0-36.2b0c12756921c891fec4f68d9444e18c7d5d4a6a
    dev: false
